
Microsoft Visual Studio Solution File, Format Version 12.00
# Visual Studio Version 16
VisualStudioVersion = 16.0.32126.315
MinimumVisualStudioVersion = 10.0.40219.1
Project("{FAE04EC0-301F-11D3-BF4B-00C04F79EFBC}") = "PoCBHudMVP", "PoCBHudMVP.csproj", "{E059DB8E-7979-448D-BB54-84A8227CF7CF}"
EndProject
Project("{2150E333-8FDC-42A3-9474-1A3956D46DE8}") = "Solution Items", "Solution Items", "{6B8A32C3-4E83-4D6A-B1DE-AD7730660ED4}"
	ProjectSection(SolutionItems) = preProject
		.editorconfig = .editorconfig
		.gitignore = .gitignore
	EndProjectSection
EndProject
Global
	GlobalSection(SolutionConfigurationPlatforms) = preSolution
		Debug|Any CPU = Debug|Any CPU
		Release|Any CPU = Release|Any CPU
	EndGlobalSection
	GlobalSection(ProjectConfigurationPlatforms) = postSolution
		{E059DB8E-7979-448D-BB54-84A8227CF7CF}.Debug|Any CPU.ActiveCfg = Debug|Any CPU
		{E059DB8E-7979-448D-BB54-84A8227CF7CF}.Debug|Any CPU.Build.0 = Debug|Any CPU
		{E059DB8E-7979-448D-BB54-84A8227CF7CF}.Release|Any CPU.ActiveCfg = Release|Any CPU
		{E059DB8E-7979-448D-BB54-84A8227CF7CF}.Release|Any CPU.Build.0 = Release|Any CPU
	EndGlobalSection
	GlobalSection(SolutionProperties) = preSolution
		HideSolutionNode = FALSE
	EndGlobalSection
	GlobalSection(ExtensibilityGlobals) = postSolution
		SolutionGuid = {AE57A794-E8B7-488F-AD7D-174E0449F691}
	EndGlobalSection
EndGlobal
